
Microsoft Visual Studio Solution File, Format Version 12.00
Project("{FAE04EC0-301F-11D3-BF4B-00C04F79EFBC}") = "MudEmojiPicker", "MudEmojiPicker\MudEmojiPicker.csproj", "{68E352CE-9BE3-468F-B16D-5005748D4181}"
EndProject
Global
	GlobalSection(SolutionConfigurationPlatforms) = preSolution
		Debug|Any CPU = Debug|Any CPU
		Release|Any CPU = Release|Any CPU
	EndGlobalSection
	GlobalSection(ProjectConfigurationPlatforms) = postSolution
		{68E352CE-9BE3-468F-B16D-5005748D4181}.Debug|Any CPU.ActiveCfg = Debug|Any CPU
		{68E352CE-9BE3-468F-B16D-5005748D4181}.Debug|Any CPU.Build.0 = Debug|Any CPU
		{68E352CE-9BE3-468F-B16D-5005748D4181}.Release|Any CPU.ActiveCfg = Release|Any CPU
		{68E352CE-9BE3-468F-B16D-5005748D4181}.Release|Any CPU.Build.0 = Release|Any CPU
	EndGlobalSection
EndGlobal
